
Microsoft Visual Studio Solution File, Format Version 12.00
# Visual Studio Version 17
VisualStudioVersion = 17.1.32421.90
MinimumVisualStudioVersion = 10.0.40219.1
Project("{FAE04EC0-301F-11D3-BF4B-00C04F79EFBC}") = "Neo4jFlightBooking.UI", "Neo4jFlightBooking.UI.csproj", "{AAE038C5-6C25-494D-BFFA-6484C5FD0BF6}"
EndProject
Project("{FAE04EC0-301F-11D3-BF4B-00C04F79EFBC}") = "Neo4jFlightBooking.Infrastructure", "..\Neo4jFlightBooking.Infrstructure\Neo4jFlightBooking.Infrastructure.csproj", "{D4188657-7A2E-4F5A-BB8C-E5BF36E884EC}"
EndProject
Global
	GlobalSection(SolutionConfigurationPlatforms) = preSolution
		Debug|Any CPU = Debug|Any CPU
		Release|Any CPU = Release|Any CPU
	EndGlobalSection
	GlobalSection(ProjectConfigurationPlatforms) = postSolution
		{AAE038C5-6C25-494D-BFFA-6484C5FD0BF6}.Debug|Any CPU.ActiveCfg = Debug|Any CPU
		{AAE038C5-6C25-494D-BFFA-6484C5FD0BF6}.Debug|Any CPU.Build.0 = Debug|Any CPU
		{AAE038C5-6C25-494D-BFFA-6484C5FD0BF6}.Release|Any CPU.ActiveCfg = Release|Any CPU
		{AAE038C5-6C25-494D-BFFA-6484C5FD0BF6}.Release|Any CPU.Build.0 = Release|Any CPU
		{D4188657-7A2E-4F5A-BB8C-E5BF36E884EC}.Debug|Any CPU.ActiveCfg = Debug|Any CPU
		{D4188657-7A2E-4F5A-BB8C-E5BF36E884EC}.Debug|Any CPU.Build.0 = Debug|Any CPU
		{D4188657-7A2E-4F5A-BB8C-E5BF36E884EC}.Release|Any CPU.ActiveCfg = Release|Any CPU
		{D4188657-7A2E-4F5A-BB8C-E5BF36E884EC}.Release|Any CPU.Build.0 = Release|Any CPU
	EndGlobalSection
	GlobalSection(SolutionProperties) = preSolution
		HideSolutionNode = FALSE
	EndGlobalSection
	GlobalSection(ExtensibilityGlobals) = postSolution
		SolutionGuid = {D9A5FC81-27E2-430D-BD7C-31A443CF9B9B}
	EndGlobalSection
EndGlobal
